PODS:
  - application_badge (0.0.1):
    - FlutterMacOS
  - FlutterMacOS (1.0.0)

DEPENDENCIES:
  - application_badge (from `Flutter/ephemeral/.symlinks/plugins/application_badge/macos`)
  - FlutterMacOS (from `Flutter/ephemeral/.symlinks/flutter/darwin-x64`)

EXTERNAL SOURCES:
  application_badge:
    :path: Flutter/ephemeral/.symlinks/plugins/application_badge/macos
  FlutterMacOS:
    :path: Flutter/ephemeral/.symlinks/flutter/darwin-x64

SPEC CHECKSUMS:
  application_badge: 4e2552ba1cc880e0c3c179d8caedc49e90406075
  FlutterMacOS: 15bea8a44d2fa024068daa0140371c020b4b6ff9

PODFILE CHECKSUM: d8ba9b3e9e93c62c74a660b46c6fcb09f03991a7

COCOAPODS: 1.7.5
